// !$*UTF8*$!
{
	archiveVersion = 1;
	classes = {
	};
	objectVersion = 50;
	objects = {

/* Begin PBXBuildFile section */
		58015A552448A62500710539 /* AppDelegate.swift in Sources */ = {isa = PBXBuildFile; fileRef = 58015A542448A62500710539 /* AppDelegate.swift */; };
		58015A572448A62500710539 /* SceneDelegate.swift in Sources */ = {isa = PBXBuildFile; fileRef = 58015A562448A62500710539 /* SceneDelegate.swift */; };
		58015A592448A62500710539 /* ContentView.swift in Sources */ = {isa = PBXBuildFile; fileRef = 58015A582448A62500710539 /* ContentView.swift */; };
		58015A5B2448A62600710539 /* Assets.xcassets in Resources */ = {isa = PBXBuildFile; fileRef = 58015A5A2448A62600710539 /* Assets.xcassets */; };
		58015A5E2448A62600710539 /* Preview Assets.xcassets in Resources */ = {isa = PBXBuildFile; fileRef = 58015A5D2448A62600710539 /* Preview Assets.xcassets */; };
		58015A612448A62600710539 /* LaunchScreen.storyboard in Resources */ = {isa = PBXBuildFile; fileRef = 58015A5F2448A62600710539 /* LaunchScreen.storyboard */; };
		58015AAC2448A67900710539 /* ability-34.json in Resources */ = {isa = PBXBuildFile; fileRef = 58015A6C2448A67900710539 /* ability-34.json */; };
		58015AAD2448A67900710539 /* ability-65.json in Resources */ = {isa = PBXBuildFile; fileRef = 58015A6D2448A67900710539 /* ability-65.json */; };
		58015AAE2448A67900710539 /* pokemon-7.json in Resources */ = {isa = PBXBuildFile; fileRef = 58015A6F2448A67900710539 /* pokemon-7.json */; };
		58015AAF2448A67900710539 /* pokemon-14.json in Resources */ = {isa = PBXBuildFile; fileRef = 58015A702448A67900710539 /* pokemon-14.json */; };
		58015AB02448A67900710539 /* pokemon-22.json in Resources */ = {isa = PBXBuildFile; fileRef = 58015A712448A67900710539 /* pokemon-22.json */; };
		58015AB12448A67900710539 /* pokemon-18.json in Resources */ = {isa = PBXBuildFile; fileRef = 58015A722448A67900710539 /* pokemon-18.json */; };
		58015AB22448A67900710539 /* pokemon-19.json in Resources */ = {isa = PBXBuildFile; fileRef = 58015A732448A67900710539 /* pokemon-19.json */; };
		58015AB32448A67900710539 /* pokemon-23.json in Resources */ = {isa = PBXBuildFile; fileRef = 58015A742448A67900710539 /* pokemon-23.json */; };
		58015AB42448A67900710539 /* pokemon-15.json in Resources */ = {isa = PBXBuildFile; fileRef = 58015A752448A67900710539 /* pokemon-15.json */; };
		58015AB52448A67900710539 /* pokemon-6.json in Resources */ = {isa = PBXBuildFile; fileRef = 58015A762448A67900710539 /* pokemon-6.json */; };
		58015AB62448A67900710539 /* pokemon-24.json in Resources */ = {isa = PBXBuildFile; fileRef = 58015A772448A67900710539 /* pokemon-24.json */; };
		58015AB72448A67900710539 /* pokemon-28.json in Resources */ = {isa = PBXBuildFile; fileRef = 58015A782448A67900710539 /* pokemon-28.json */; };
		58015AB82448A67900710539 /* pokemon-1.json in Resources */ = {isa = PBXBuildFile; fileRef = 58015A792448A67900710539 /* pokemon-1.json */; };
		58015AB92448A67900710539 /* pokemon-12.json in Resources */ = {isa = PBXBuildFile; fileRef = 58015A7A2448A67900710539 /* pokemon-12.json */; };
		58015ABA2448A67900710539 /* pokemon-13.json in Resources */ = {isa = PBXBuildFile; fileRef = 58015A7B2448A67900710539 /* pokemon-13.json */; };
		58015ABB2448A67900710539 /* pokemon-29.json in Resources */ = {isa = PBXBuildFile; fileRef = 58015A7C2448A67900710539 /* pokemon-29.json */; };
		58015ABC2448A67900710539 /* pokemon-25.json in Resources */ = {isa = PBXBuildFile; fileRef = 58015A7D2448A67900710539 /* pokemon-25.json */; };
		58015ABD2448A67900710539 /* pokemon-26.json in Resources */ = {isa = PBXBuildFile; fileRef = 58015A7E2448A67900710539 /* pokemon-26.json */; };
		58015ABE2448A67900710539 /* pokemon-30.json in Resources */ = {isa = PBXBuildFile; fileRef = 58015A7F2448A67900710539 /* pokemon-30.json */; };
		58015ABF2448A67900710539 /* pokemon-10.json in Resources */ = {isa = PBXBuildFile; fileRef = 58015A802448A67900710539 /* pokemon-10.json */; };
		58015AC02448A67900710539 /* pokemon-3.json in Resources */ = {isa = PBXBuildFile; fileRef = 58015A812448A67900710539 /* pokemon-3.json */; };
		58015AC12448A67900710539 /* pokemon-2.json in Resources */ = {isa = PBXBuildFile; fileRef = 58015A822448A67900710539 /* pokemon-2.json */; };
		58015AC22448A67900710539 /* pokemon-11.json in Resources */ = {isa = PBXBuildFile; fileRef = 58015A832448A67900710539 /* pokemon-11.json */; };
		58015AC32448A67900710539 /* pokemon-27.json in Resources */ = {isa = PBXBuildFile; fileRef = 58015A842448A67900710539 /* pokemon-27.json */; };
		58015AC42448A67900710539 /* pokemon-16.json in Resources */ = {isa = PBXBuildFile; fileRef = 58015A852448A67900710539 /* pokemon-16.json */; };
		58015AC52448A67900710539 /* pokemon-5.json in Resources */ = {isa = PBXBuildFile; fileRef = 58015A862448A67900710539 /* pokemon-5.json */; };
		58015AC62448A67900710539 /* pokemon-9.json in Resources */ = {isa = PBXBuildFile; fileRef = 58015A872448A67900710539 /* pokemon-9.json */; };
		58015AC72448A67900710539 /* pokemon-20.json in Resources */ = {isa = PBXBuildFile; fileRef = 58015A882448A67900710539 /* pokemon-20.json */; };
		58015AC82448A67900710539 /* pokemon-21.json in Resources */ = {isa = PBXBuildFile; fileRef = 58015A892448A67900710539 /* pokemon-21.json */; };
		58015AC92448A67900710539 /* pokemon-8.json in Resources */ = {isa = PBXBuildFile; fileRef = 58015A8A2448A67900710539 /* pokemon-8.json */; };
		58015ACA2448A67900710539 /* pokemon-4.json in Resources */ = {isa = PBXBuildFile; fileRef = 58015A8B2448A67900710539 /* pokemon-4.json */; };
		58015ACB2448A67900710539 /* pokemon-17.json in Resources */ = {isa = PBXBuildFile; fileRef = 58015A8C2448A67900710539 /* pokemon-17.json */; };
		58015ACC2448A67900710539 /* pokemon-species-11.json in Resources */ = {isa = PBXBuildFile; fileRef = 58015A8E2448A67900710539 /* pokemon-species-11.json */; };
		58015ACD2448A67900710539 /* pokemon-species-7.json in Resources */ = {isa = PBXBuildFile; fileRef = 58015A8F2448A67900710539 /* pokemon-species-7.json */; };
		58015ACE2448A67900710539 /* pokemon-species-27.json in Resources */ = {isa = PBXBuildFile; fileRef = 58015A902448A67900710539 /* pokemon-species-27.json */; };
		58015ACF2448A67900710539 /* pokemon-species-30.json in Resources */ = {isa = PBXBuildFile; fileRef = 58015A912448A67900710539 /* pokemon-species-30.json */; };
		58015AD02448A67900710539 /* pokemon-species-26.json in Resources */ = {isa = PBXBuildFile; fileRef = 58015A922448A67900710539 /* pokemon-species-26.json */; };
		58015AD12448A67900710539 /* pokemon-species-6.json in Resources */ = {isa = PBXBuildFile; fileRef = 58015A932448A67900710539 /* pokemon-species-6.json */; };
		58015AD22448A67900710539 /* pokemon-species-10.json in Resources */ = {isa = PBXBuildFile; fileRef = 58015A942448A67900710539 /* pokemon-species-10.json */; };
		58015AD32448A67900710539 /* pokemon-species-21.json in Resources */ = {isa = PBXBuildFile; fileRef = 58015A952448A67900710539 /* pokemon-species-21.json */; };
		58015AD42448A67900710539 /* pokemon-species-17.json in Resources */ = {isa = PBXBuildFile; fileRef = 58015A962448A67900710539 /* pokemon-species-17.json */; };
		58015AD52448A67900710539 /* pokemon-species-1.json in Resources */ = {isa = PBXBuildFile; fileRef = 58015A972448A67900710539 /* pokemon-species-1.json */; };
		58015AD62448A67900710539 /* pokemon-species-16.json in Resources */ = {isa = PBXBuildFile; fileRef = 58015A982448A67900710539 /* pokemon-species-16.json */; };
		58015AD72448A67900710539 /* pokemon-species-20.json in Resources */ = {isa = PBXBuildFile; fileRef = 58015A992448A67900710539 /* pokemon-species-20.json */; };
		58015AD82448A67900710539 /* pokemon-species-23.json in Resources */ = {isa = PBXBuildFile; fileRef = 58015A9A2448A67900710539 /* pokemon-species-23.json */; };
		58015AD92448A67900710539 /* pokemon-species-19.json in Resources */ = {isa = PBXBuildFile; fileRef = 58015A9B2448A67900710539 /* pokemon-species-19.json */; };
		58015ADA2448A67900710539 /* pokemon-species-3.json in Resources */ = {isa = PBXBuildFile; fileRef = 58015A9C2448A67900710539 /* pokemon-species-3.json */; };
		58015ADB2448A67900710539 /* pokemon-species-15.json in Resources */ = {isa = PBXBuildFile; fileRef = 58015A9D2448A67900710539 /* pokemon-species-15.json */; };
		58015ADC2448A67900710539 /* pokemon-species-14.json in Resources */ = {isa = PBXBuildFile; fileRef = 58015A9E2448A67900710539 /* pokemon-species-14.json */; };
		58015ADD2448A67900710539 /* pokemon-species-2.json in Resources */ = {isa = PBXBuildFile; fileRef = 58015A9F2448A67900710539 /* pokemon-species-2.json */; };
		58015ADE2448A67900710539 /* pokemon-species-18.json in Resources */ = {isa = PBXBuildFile; fileRef = 58015AA02448A67900710539 /* pokemon-species-18.json */; };
		58015ADF2448A67900710539 /* pokemon-species-22.json in Resources */ = {isa = PBXBuildFile; fileRef = 58015AA12448A67900710539 /* pokemon-species-22.json */; };
		58015AE02448A67900710539 /* pokemon-species-5.json in Resources */ = {isa = PBXBuildFile; fileRef = 58015AA22448A67900710539 /* pokemon-species-5.json */; };
		58015AE12448A67900710539 /* pokemon-species-29.json in Resources */ = {isa = PBXBuildFile; fileRef = 58015AA32448A67900710539 /* pokemon-species-29.json */; };
		58015AE22448A67900710539 /* pokemon-species-13.json in Resources */ = {isa = PBXBuildFile; fileRef = 58015AA42448A67900710539 /* pokemon-species-13.json */; };
		58015AE32448A67900710539 /* pokemon-species-9.json in Resources */ = {isa = PBXBuildFile; fileRef = 58015AA52448A67900710539 /* pokemon-species-9.json */; };
		58015AE42448A67900710539 /* pokemon-species-25.json in Resources */ = {isa = PBXBuildFile; fileRef = 58015AA62448A67900710539 /* pokemon-species-25.json */; };
		58015AE52448A67900710539 /* pokemon-species-24.json in Resources */ = {isa = PBXBuildFile; fileRef = 58015AA72448A67900710539 /* pokemon-species-24.json */; };
		58015AE62448A67900710539 /* pokemon-species-8.json in Resources */ = {isa = PBXBuildFile; fileRef = 58015AA82448A67900710539 /* pokemon-species-8.json */; };
		58015AE72448A67900710539 /* pokemon-species-12.json in Resources */ = {isa = PBXBuildFile; fileRef = 58015AA92448A67900710539 /* pokemon-species-12.json */; };
		58015AE82448A67900710539 /* pokemon-species-28.json in Resources */ = {isa = PBXBuildFile; fileRef = 58015AAA2448A67900710539 /* pokemon-species-28.json */; };
		58015AE92448A67900710539 /* pokemon-species-4.json in Resources */ = {isa = PBXBuildFile; fileRef = 58015AAB2448A67900710539 /* pokemon-species-4.json */; };
		58015AEB2448A6EE00710539 /* FileHelper.swift in Sources */ = {isa = PBXBuildFile; fileRef = 58015AEA2448A6EE00710539 /* FileHelper.swift */; };
		583DC1C0245EACD500496C11 /* PokemonListView.swift in Sources */ = {isa = PBXBuildFile; fileRef = 583DC1BF245EACD500496C11 /* PokemonListView.swift */; };
		583DC1C3245EB38E00496C11 /* AppState.swift in Sources */ = {isa = PBXBuildFile; fileRef = 583DC1C2245EB38E00496C11 /* AppState.swift */; };
		583DC1C5245EB44400496C11 /* Store.swift in Sources */ = {isa = PBXBuildFile; fileRef = 583DC1C4245EB44400496C11 /* Store.swift */; };
		58AA92B9244B197200D33F7E /* DataModel.swift in Sources */ = {isa = PBXBuildFile; fileRef = 58AA92B8244B197200D33F7E /* DataModel.swift */; };
		58AA92BB244B272700D33F7E /* ViewModel.swift in Sources */ = {isa = PBXBuildFile; fileRef = 58AA92BA244B272700D33F7E /* ViewModel.swift */; };
		58AA92BD244B276800D33F7E /* Helper.swift in Sources */ = {isa = PBXBuildFile; fileRef = 58AA92BC244B276800D33F7E /* Helper.swift */; };
		58AA92BF244B334600D33F7E /* PokemonInfoRow.swift in Sources */ = {isa = PBXBuildFile; fileRef = 58AA92BE244B334600D33F7E /* PokemonInfoRow.swift */; };
		58AA92C2244B3A9D00D33F7E /* PokemonInfoPanel.swift in Sources */ = {isa = PBXBuildFile; fileRef = 58AA92C1244B3A9D00D33F7E /* PokemonInfoPanel.swift */; };
		58C2C7E2245EE21600E87DE0 /* AppAction.swift in Sources */ = {isa = PBXBuildFile; fileRef = 58C2C7E1245EE21600E87DE0 /* AppAction.swift */; };
		58C2C7E5245F05C500E87DE0 /* Request.swift in Sources */ = {isa = PBXBuildFile; fileRef = 58C2C7E4245F05C500E87DE0 /* Request.swift */; };
		58C2C7E7245F09D100E87DE0 /* AppCommand.swift in Sources */ = {isa = PBXBuildFile; fileRef = 58C2C7E6245F09D100E87DE0 /* AppCommand.swift */; };
		58C2C7E9245F20C600E87DE0 /* FileStorage.swift in Sources */ = {isa = PBXBuildFile; fileRef = 58C2C7E8245F20C600E87DE0 /* FileStorage.swift */; };
		58F7AC70244BF35F00E79F17 /* SettingView.swift in Sources */ = {isa = PBXBuildFile; fileRef = 58F7AC6F244BF35F00E79F17 /* SettingView.swift */; };
		58F7AC72244BF37700E79F17 /* SettingModel.swift in Sources */ = {isa = PBXBuildFile; fileRef = 58F7AC71244BF37700E79F17 /* SettingModel.swift */; };
/* End PBXBuildFile section */

/* Begin PBXFileReference section */
		58015A512448A62500710539 /* DZPokemon.app */ = {isa = PBXFileReference; explicitFileType = wrapper.application; includeInIndex = 0; path = DZPokemon.app; sourceTree = BUILT_PRODUCTS_DIR; };
		58015A542448A62500710539 /* AppDelegate.swift */ = {isa = PBXFileReference; lastKnownFileType = sourcecode.swift; path = AppDelegate.swift; sourceTree = "<group>"; };
		58015A562448A62500710539 /* SceneDelegate.swift */ = {isa = PBXFileReference; lastKnownFileType = sourcecode.swift; path = SceneDelegate.swift; sourceTree = "<group>"; };
		58015A582448A62500710539 /* ContentView.swift */ = {isa = PBXFileReference; lastKnownFileType = sourcecode.swift; path = ContentView.swift; sourceTree = "<group>"; };
		58015A5A2448A62600710539 /* Assets.xcassets */ = {isa = PBXFileReference; lastKnownFileType = folder.assetcatalog; path = Assets.xcassets; sourceTree = "<group>"; };
		58015A5D2448A62600710539 /* Preview Assets.xcassets */ = {isa = PBXFileReference; lastKnownFileType = folder.assetcatalog; path = "Preview Assets.xcassets"; sourceTree = "<group>"; };
		58015A602448A62600710539 /* Base */ = {isa = PBXFileReference; lastKnownFileType = file.storyboard; name = Base; path = Base.lproj/LaunchScreen.storyboard; sourceTree = "<group>"; };
		58015A622448A62600710539 /* Info.plist */ = {isa = PBXFileReference; lastKnownFileType = text.plist.xml; path = Info.plist; sourceTree = "<group>"; };
		58015A6C2448A67900710539 /* ability-34.json */ = {isa = PBXFileReference; fileEncoding = 4; lastKnownFileType = text.json; path = "ability-34.json"; sourceTree = "<group>"; };
		58015A6D2448A67900710539 /* ability-65.json */ = {isa = PBXFileReference; fileEncoding = 4; lastKnownFileType = text.json; path = "ability-65.json"; sourceTree = "<group>"; };
		58015A6F2448A67900710539 /* pokemon-7.json */ = {isa = PBXFileReference; fileEncoding = 4; lastKnownFileType = text.json; path = "pokemon-7.json"; sourceTree = "<group>"; };
		58015A702448A67900710539 /* pokemon-14.json */ = {isa = PBXFileReference; fileEncoding = 4; lastKnownFileType = text.json; path = "pokemon-14.json"; sourceTree = "<group>"; };
		58015A712448A67900710539 /* pokemon-22.json */ = {isa = PBXFileReference; fileEncoding = 4; lastKnownFileType = text.json; path = "pokemon-22.json"; sourceTree = "<group>"; };
		58015A722448A67900710539 /* pokemon-18.json */ = {isa = PBXFileReference; fileEncoding = 4; lastKnownFileType = text.json; path = "pokemon-18.json"; sourceTree = "<group>"; };
		58015A732448A67900710539 /* pokemon-19.json */ = {isa = PBXFileReference; fileEncoding = 4; lastKnownFileType = text.json; path = "pokemon-19.json"; sourceTree = "<group>"; };
		58015A742448A67900710539 /* pokemon-23.json */ = {isa = PBXFileReference; fileEncoding = 4; lastKnownFileType = text.json; path = "pokemon-23.json"; sourceTree = "<group>"; };
		58015A752448A67900710539 /* pokemon-15.json */ = {isa = PBXFileReference; fileEncoding = 4; lastKnownFileType = text.json; path = "pokemon-15.json"; sourceTree = "<group>"; };
		58015A762448A67900710539 /* pokemon-6.json */ = {isa = PBXFileReference; fileEncoding = 4; lastKnownFileType = text.json; path = "pokemon-6.json"; sourceTree = "<group>"; };
		58015A772448A67900710539 /* pokemon-24.json */ = {isa = PBXFileReference; fileEncoding = 4; lastKnownFileType = text.json; path = "pokemon-24.json"; sourceTree = "<group>"; };
		58015A782448A67900710539 /* pokemon-28.json */ = {isa = PBXFileReference; fileEncoding = 4; lastKnownFileType = text.json; path = "pokemon-28.json"; sourceTree = "<group>"; };
		58015A792448A67900710539 /* pokemon-1.json */ = {isa = PBXFileReference; fileEncoding = 4; lastKnownFileType = text.json; path = "pokemon-1.json"; sourceTree = "<group>"; };
		58015A7A2448A67900710539 /* pokemon-12.json */ = {isa = PBXFileReference; fileEncoding = 4; lastKnownFileType = text.json; path = "pokemon-12.json"; sourceTree = "<group>"; };
		58015A7B2448A67900710539 /* pokemon-13.json */ = {isa = PBXFileReference; fileEncoding = 4; lastKnownFileType = text.json; path = "pokemon-13.json"; sourceTree = "<group>"; };
		58015A7C2448A67900710539 /* pokemon-29.json */ = {isa = PBXFileReference; fileEncoding = 4; lastKnownFileType = text.json; path = "pokemon-29.json"; sourceTree = "<group>"; };
		58015A7D2448A67900710539 /* pokemon-25.json */ = {isa = PBXFileReference; fileEncoding = 4; lastKnownFileType = text.json; path = "pokemon-25.json"; sourceTree = "<group>"; };
		58015A7E2448A67900710539 /* pokemon-26.json */ = {isa = PBXFileReference; fileEncoding = 4; lastKnownFileType = text.json; path = "pokemon-26.json"; sourceTree = "<group>"; };
		58015A7F2448A67900710539 /* pokemon-30.json */ = {isa = PBXFileReference; fileEncoding = 4; lastKnownFileType = text.json; path = "pokemon-30.json"; sourceTree = "<group>"; };
		58015A802448A67900710539 /* pokemon-10.json */ = {isa = PBXFileReference; fileEncoding = 4; lastKnownFileType = text.json; path = "pokemon-10.json"; sourceTree = "<group>"; };
		58015A812448A67900710539 /* pokemon-3.json */ = {isa = PBXFileReference; fileEncoding = 4; lastKnownFileType = text.json; path = "pokemon-3.json"; sourceTree = "<group>"; };
		58015A822448A67900710539 /* pokemon-2.json */ = {isa = PBXFileReference; fileEncoding = 4; lastKnownFileType = text.json; path = "pokemon-2.json"; sourceTree = "<group>"; };
		58015A832448A67900710539 /* pokemon-11.json */ = {isa = PBXFileReference; fileEncoding = 4; lastKnownFileType = text.json; path = "pokemon-11.json"; sourceTree = "<group>"; };
		58015A842448A67900710539 /* pokemon-27.json */ = {isa = PBXFileReference; fileEncoding = 4; lastKnownFileType = text.json; path = "pokemon-27.json"; sourceTree = "<group>"; };
		58015A852448A67900710539 /* pokemon-16.json */ = {isa = PBXFileReference; fileEncoding = 4; lastKnownFileType = text.json; path = "pokemon-16.json"; sourceTree = "<group>"; };
		58015A862448A67900710539 /* pokemon-5.json */ = {isa = PBXFileReference; fileEncoding = 4; lastKnownFileType = text.json; path = "pokemon-5.json"; sourceTree = "<group>"; };
		58015A872448A67900710539 /* pokemon-9.json */ = {isa = PBXFileReference; fileEncoding = 4; lastKnownFileType = text.json; path = "pokemon-9.json"; sourceTree = "<group>"; };
		58015A882448A67900710539 /* pokemon-20.json */ = {isa = PBXFileReference; fileEncoding = 4; lastKnownFileType = text.json; path = "pokemon-20.json"; sourceTree = "<group>"; };
		58015A892448A67900710539 /* pokemon-21.json */ = {isa = PBXFileReference; fileEncoding = 4; lastKnownFileType = text.json; path = "pokemon-21.json"; sourceTree = "<group>"; };
		58015A8A2448A67900710539 /* pokemon-8.json */ = {isa = PBXFileReference; fileEncoding = 4; lastKnownFileType = text.json; path = "pokemon-8.json"; sourceTree = "<group>"; };
		58015A8B2448A67900710539 /* pokemon-4.json */ = {isa = PBXFileReference; fileEncoding = 4; lastKnownFileType = text.json; path = "pokemon-4.json"; sourceTree = "<group>"; };
		58015A8C2448A67900710539 /* pokemon-17.json */ = {isa = PBXFileReference; fileEncoding = 4; lastKnownFileType = text.json; path = "pokemon-17.json"; sourceTree = "<group>"; };
		58015A8E2448A67900710539 /* pokemon-species-11.json */ = {isa = PBXFileReference; fileEncoding = 4; lastKnownFileType = text.json; path = "pokemon-species-11.json"; sourceTree = "<group>"; };
		58015A8F2448A67900710539 /* pokemon-species-7.json */ = {isa = PBXFileReference; fileEncoding = 4; lastKnownFileType = text.json; path = "pokemon-species-7.json"; sourceTree = "<group>"; };
		58015A902448A67900710539 /* pokemon-species-27.json */ = {isa = PBXFileReference; fileEncoding = 4; lastKnownFileType = text.json; path = "pokemon-species-27.json"; sourceTree = "<group>"; };
		58015A912448A67900710539 /* pokemon-species-30.json */ = {isa = PBXFileReference; fileEncoding = 4; lastKnownFileType = text.json; path = "pokemon-species-30.json"; sourceTree = "<group>"; };
		58015A922448A67900710539 /* pokemon-species-26.json */ = {isa = PBXFileReference; fileEncoding = 4; lastKnownFileType = text.json; path = "pokemon-species-26.json"; sourceTree = "<group>"; };
		58015A932448A67900710539 /* pokemon-species-6.json */ = {isa = PBXFileReference; fileEncoding = 4; lastKnownFileType = text.json; path = "pokemon-species-6.json"; sourceTree = "<group>"; };
		58015A942448A67900710539 /* pokemon-species-10.json */ = {isa = PBXFileReference; fileEncoding = 4; lastKnownFileType = text.json; path = "pokemon-species-10.json"; sourceTree = "<group>"; };
		58015A952448A67900710539 /* pokemon-species-21.json */ = {isa = PBXFileReference; fileEncoding = 4; lastKnownFileType = text.json; path = "pokemon-species-21.json"; sourceTree = "<group>"; };
		58015A962448A67900710539 /* pokemon-species-17.json */ = {isa = PBXFileReference; fileEncoding = 4; lastKnownFileType = text.json; path = "pokemon-species-17.json"; sourceTree = "<group>"; };
		58015A972448A67900710539 /* pokemon-species-1.json */ = {isa = PBXFileReference; fileEncoding = 4; lastKnownFileType = text.json; path = "pokemon-species-1.json"; sourceTree = "<group>"; };
		58015A982448A67900710539 /* pokemon-species-16.json */ = {isa = PBXFileReference; fileEncoding = 4; lastKnownFileType = text.json; path = "pokemon-species-16.json"; sourceTree = "<group>"; };
		58015A992448A67900710539 /* pokemon-species-20.json */ = {isa = PBXFileReference; fileEncoding = 4; lastKnownFileType = text.json; path = "pokemon-species-20.json"; sourceTree = "<group>"; };
		58015A9A2448A67900710539 /* pokemon-species-23.json */ = {isa = PBXFileReference; fileEncoding = 4; lastKnownFileType = text.json; path = "pokemon-species-23.json"; sourceTree = "<group>"; };
		58015A9B2448A67900710539 /* pokemon-species-19.json */ = {isa = PBXFileReference; fileEncoding = 4; lastKnownFileType = text.json; path = "pokemon-species-19.json"; sourceTree = "<group>"; };
		58015A9C2448A67900710539 /* pokemon-species-3.json */ = {isa = PBXFileReference; fileEncoding = 4; lastKnownFileType = text.json; path = "pokemon-species-3.json"; sourceTree = "<group>"; };
		58015A9D2448A67900710539 /* pokemon-species-15.json */ = {isa = PBXFileReference; fileEncoding = 4; lastKnownFileType = text.json; path = "pokemon-species-15.json"; sourceTree = "<group>"; };
		58015A9E2448A67900710539 /* pokemon-species-14.json */ = {isa = PBXFileReference; fileEncoding = 4; lastKnownFileType = text.json; path = "pokemon-species-14.json"; sourceTree = "<group>"; };
		58015A9F2448A67900710539 /* pokemon-species-2.json */ = {isa = PBXFileReference; fileEncoding = 4; lastKnownFileType = text.json; path = "pokemon-species-2.json"; sourceTree = "<group>"; };
		58015AA02448A67900710539 /* pokemon-species-18.json */ = {isa = PBXFileReference; fileEncoding = 4; lastKnownFileType = text.json; path = "pokemon-species-18.json"; sourceTree = "<group>"; };
		58015AA12448A67900710539 /* pokemon-species-22.json */ = {isa = PBXFileReference; fileEncoding = 4; lastKnownFileType = text.json; path = "pokemon-species-22.json"; sourceTree = "<group>"; };
		58015AA22448A67900710539 /* pokemon-species-5.json */ = {isa = PBXFileReference; fileEncoding = 4; lastKnownFileType = text.json; path = "pokemon-species-5.json"; sourceTree = "<group>"; };
		58015AA32448A67900710539 /* pokemon-species-29.json */ = {isa = PBXFileReference; fileEncoding = 4; lastKnownFileType = text.json; path = "pokemon-species-29.json"; sourceTree = "<group>"; };
		58015AA42448A67900710539 /* pokemon-species-13.json */ = {isa = PBXFileReference; fileEncoding = 4; lastKnownFileType = text.json; path = "pokemon-species-13.json"; sourceTree = "<group>"; };
		58015AA52448A67900710539 /* pokemon-species-9.json */ = {isa = PBXFileReference; fileEncoding = 4; lastKnownFileType = text.json; path = "pokemon-species-9.json"; sourceTree = "<group>"; };
		58015AA62448A67900710539 /* pokemon-species-25.json */ = {isa = PBXFileReference; fileEncoding = 4; lastKnownFileType = text.json; path = "pokemon-species-25.json"; sourceTree = "<group>"; };
		58015AA72448A67900710539 /* pokemon-species-24.json */ = {isa = PBXFileReference; fileEncoding = 4; lastKnownFileType = text.json; path = "pokemon-species-24.json"; sourceTree = "<group>"; };
		58015AA82448A67900710539 /* pokemon-species-8.json */ = {isa = PBXFileReference; fileEncoding = 4; lastKnownFileType = text.json; path = "pokemon-species-8.json"; sourceTree = "<group>"; };
		58015AA92448A67900710539 /* pokemon-species-12.json */ = {isa = PBXFileReference; fileEncoding = 4; lastKnownFileType = text.json; path = "pokemon-species-12.json"; sourceTree = "<group>"; };
		58015AAA2448A67900710539 /* pokemon-species-28.json */ = {isa = PBXFileReference; fileEncoding = 4; lastKnownFileType = text.json; path = "pokemon-species-28.json"; sourceTree = "<group>"; };
		58015AAB2448A67900710539 /* pokemon-species-4.json */ = {isa = PBXFileReference; fileEncoding = 4; lastKnownFileType = text.json; path = "pokemon-species-4.json"; sourceTree = "<group>"; };
		58015AEA2448A6EE00710539 /* FileHelper.swift */ = {isa = PBXFileReference; lastKnownFileType = sourcecode.swift; path = FileHelper.swift; sourceTree = "<group>"; };
		583DC1BF245EACD500496C11 /* PokemonListView.swift */ = {isa = PBXFileReference; lastKnownFileType = sourcecode.swift; path = PokemonListView.swift; sourceTree = "<group>"; };
		583DC1C2245EB38E00496C11 /* AppState.swift */ = {isa = PBXFileReference; lastKnownFileType = sourcecode.swift; path = AppState.swift; sourceTree = "<group>"; };
		583DC1C4245EB44400496C11 /* Store.swift */ = {isa = PBXFileReference; lastKnownFileType = sourcecode.swift; path = Store.swift; sourceTree = "<group>"; };
		58AA92B8244B197200D33F7E /* DataModel.swift */ = {isa = PBXFileReference; lastKnownFileType = sourcecode.swift; path = DataModel.swift; sourceTree = "<group>"; };
		58AA92BA244B272700D33F7E /* ViewModel.swift */ = {isa = PBXFileReference; lastKnownFileType = sourcecode.swift; path = ViewModel.swift; sourceTree = "<group>"; };
		58AA92BC244B276800D33F7E /* Helper.swift */ = {isa = PBXFileReference; lastKnownFileType = sourcecode.swift; path = Helper.swift; sourceTree = "<group>"; };
		58AA92BE244B334600D33F7E /* PokemonInfoRow.swift */ = {isa = PBXFileReference; lastKnownFileType = sourcecode.swift; path = PokemonInfoRow.swift; sourceTree = "<group>"; };
		58AA92C1244B3A9D00D33F7E /* PokemonInfoPanel.swift */ = {isa = PBXFileReference; lastKnownFileType = sourcecode.swift; path = PokemonInfoPanel.swift; sourceTree = "<group>"; };
		58C2C7E1245EE21600E87DE0 /* AppAction.swift */ = {isa = PBXFileReference; lastKnownFileType = sourcecode.swift; path = AppAction.swift; sourceTree = "<group>"; };
		58C2C7E4245F05C500E87DE0 /* Request.swift */ = {isa = PBXFileReference; lastKnownFileType = sourcecode.swift; path = Request.swift; sourceTree = "<group>"; };
		58C2C7E6245F09D100E87DE0 /* AppCommand.swift */ = {isa = PBXFileReference; lastKnownFileType = sourcecode.swift; path = AppCommand.swift; sourceTree = "<group>"; };
		58C2C7E8245F20C600E87DE0 /* FileStorage.swift */ = {isa = PBXFileReference; lastKnownFileType = sourcecode.swift; path = FileStorage.swift; sourceTree = "<group>"; };
		58F7AC6F244BF35F00E79F17 /* SettingView.swift */ = {isa = PBXFileReference; lastKnownFileType = sourcecode.swift; path = SettingView.swift; sourceTree = "<group>"; };
		58F7AC71244BF37700E79F17 /* SettingModel.swift */ = {isa = PBXFileReference; lastKnownFileType = sourcecode.swift; path = SettingModel.swift; sourceTree = "<group>"; };
/* End PBXFileReference section */

/* Begin PBXFrameworksBuildPhase section */
		58015A4E2448A62500710539 /* Frameworks */ = {
			isa = PBXFrameworksBuildPhase;
			buildActionMask = 2147483647;
			files = (
			);
			runOnlyForDeploymentPostprocessing = 0;
		};
/* End PBXFrameworksBuildPhase section */

/* Begin PBXGroup section */
		58015A482448A62500710539 = {
			isa = PBXGroup;
			children = (
				58015A532448A62500710539 /* DZPokemon */,
				58015A522448A62500710539 /* Products */,
			);
			sourceTree = "<group>";
		};
		58015A522448A62500710539 /* Products */ = {
			isa = PBXGroup;
			children = (
				58015A512448A62500710539 /* DZPokemon.app */,
			);
			name = Products;
			sourceTree = "<group>";
		};
		58015A532448A62500710539 /* DZPokemon */ = {
			isa = PBXGroup;
			children = (
				58C2C7E3245F05B300E87DE0 /* Request */,
				583DC1C1245EB37200496C11 /* Redux */,
				58AA92C0244B3A8500D33F7E /* View */,
				58015A6A2448A63F00710539 /* Utils */,
				58015A692448A63900710539 /* Model */,
				58015A682448A62E00710539 /* JSON */,
				58015A542448A62500710539 /* AppDelegate.swift */,
				58015A562448A62500710539 /* SceneDelegate.swift */,
				58015A582448A62500710539 /* ContentView.swift */,
				58015A5A2448A62600710539 /* Assets.xcassets */,
				58015A5F2448A62600710539 /* LaunchScreen.storyboard */,
				58015A622448A62600710539 /* Info.plist */,
				58015A5C2448A62600710539 /* Preview Content */,
			);
			path = DZPokemon;
			sourceTree = "<group>";
		};
		58015A5C2448A62600710539 /* Preview Content */ = {
			isa = PBXGroup;
			children = (
				58015A5D2448A62600710539 /* Preview Assets.xcassets */,
			);
			path = "Preview Content";
			sourceTree = "<group>";
		};
		58015A682448A62E00710539 /* JSON */ = {
			isa = PBXGroup;
			children = (
				58015A6B2448A67900710539 /* abilities */,
				58015A6E2448A67900710539 /* pokemon */,
				58015A8D2448A67900710539 /* species */,
			);
			path = JSON;
			sourceTree = "<group>";
		};
		58015A692448A63900710539 /* Model */ = {
			isa = PBXGroup;
			children = (
				58AA92B8244B197200D33F7E /* DataModel.swift */,
				58AA92BA244B272700D33F7E /* ViewModel.swift */,
				58F7AC71244BF37700E79F17 /* SettingModel.swift */,
			);
			path = Model;
			sourceTree = "<group>";
		};
		58015A6A2448A63F00710539 /* Utils */ = {
			isa = PBXGroup;
			children = (
				58015AEA2448A6EE00710539 /* FileHelper.swift */,
				58AA92BC244B276800D33F7E /* Helper.swift */,
				58C2C7E8245F20C600E87DE0 /* FileStorage.swift */,
			);
			path = Utils;
			sourceTree = "<group>";
		};
		58015A6B2448A67900710539 /* abilities */ = {
			isa = PBXGroup;
			children = (
				58015A6C2448A67900710539 /* ability-34.json */,
				58015A6D2448A67900710539 /* ability-65.json */,
			);
			path = abilities;
			sourceTree = "<group>";
		};
		58015A6E2448A67900710539 /* pokemon */ = {
			isa = PBXGroup;
			children = (
				58015A6F2448A67900710539 /* pokemon-7.json */,
				58015A702448A67900710539 /* pokemon-14.json */,
				58015A712448A67900710539 /* pokemon-22.json */,
				58015A722448A67900710539 /* pokemon-18.json */,
				58015A732448A67900710539 /* pokemon-19.json */,
				58015A742448A67900710539 /* pokemon-23.json */,
				58015A752448A67900710539 /* pokemon-15.json */,
				58015A762448A67900710539 /* pokemon-6.json */,
				58015A772448A67900710539 /* pokemon-24.json */,
				58015A782448A67900710539 /* pokemon-28.json */,
				58015A792448A67900710539 /* pokemon-1.json */,
				58015A7A2448A67900710539 /* pokemon-12.json */,
				58015A7B2448A67900710539 /* pokemon-13.json */,
				58015A7C2448A67900710539 /* pokemon-29.json */,
				58015A7D2448A67900710539 /* pokemon-25.json */,
				58015A7E2448A67900710539 /* pokemon-26.json */,
				58015A7F2448A67900710539 /* pokemon-30.json */,
				58015A802448A67900710539 /* pokemon-10.json */,
				58015A812448A67900710539 /* pokemon-3.json */,
				58015A822448A67900710539 /* pokemon-2.json */,
				58015A832448A67900710539 /* pokemon-11.json */,
				58015A842448A67900710539 /* pokemon-27.json */,
				58015A852448A67900710539 /* pokemon-16.json */,
				58015A862448A67900710539 /* pokemon-5.json */,
				58015A872448A67900710539 /* pokemon-9.json */,
				58015A882448A67900710539 /* pokemon-20.json */,
				58015A892448A67900710539 /* pokemon-21.json */,
				58015A8A2448A67900710539 /* pokemon-8.json */,
				58015A8B2448A67900710539 /* pokemon-4.json */,
				58015A8C2448A67900710539 /* pokemon-17.json */,
			);
			path = pokemon;
			sourceTree = "<group>";
		};
		58015A8D2448A67900710539 /* species */ = {
			isa = PBXGroup;
			children = (
				58015A8E2448A67900710539 /* pokemon-species-11.json */,
				58015A8F2448A67900710539 /* pokemon-species-7.json */,
				58015A902448A67900710539 /* pokemon-species-27.json */,
				58015A912448A67900710539 /* pokemon-species-30.json */,
				58015A922448A67900710539 /* pokemon-species-26.json */,
				58015A932448A67900710539 /* pokemon-species-6.json */,
				58015A942448A67900710539 /* pokemon-species-10.json */,
				58015A952448A67900710539 /* pokemon-species-21.json */,
				58015A962448A67900710539 /* pokemon-species-17.json */,
				58015A972448A67900710539 /* pokemon-species-1.json */,
				58015A982448A67900710539 /* pokemon-species-16.json */,
				58015A992448A67900710539 /* pokemon-species-20.json */,
				58015A9A2448A67900710539 /* pokemon-species-23.json */,
				58015A9B2448A67900710539 /* pokemon-species-19.json */,
				58015A9C2448A67900710539 /* pokemon-species-3.json */,
				58015A9D2448A67900710539 /* pokemon-species-15.json */,
				58015A9E2448A67900710539 /* pokemon-species-14.json */,
				58015A9F2448A67900710539 /* pokemon-species-2.json */,
				58015AA02448A67900710539 /* pokemon-species-18.json */,
				58015AA12448A67900710539 /* pokemon-species-22.json */,
				58015AA22448A67900710539 /* pokemon-species-5.json */,
				58015AA32448A67900710539 /* pokemon-species-29.json */,
				58015AA42448A67900710539 /* pokemon-species-13.json */,
				58015AA52448A67900710539 /* pokemon-species-9.json */,
				58015AA62448A67900710539 /* pokemon-species-25.json */,
				58015AA72448A67900710539 /* pokemon-species-24.json */,
				58015AA82448A67900710539 /* pokemon-species-8.json */,
				58015AA92448A67900710539 /* pokemon-species-12.json */,
				58015AAA2448A67900710539 /* pokemon-species-28.json */,
				58015AAB2448A67900710539 /* pokemon-species-4.json */,
			);
			path = species;
			sourceTree = "<group>";
		};
		583DC1C1245EB37200496C11 /* Redux */ = {
			isa = PBXGroup;
			children = (
				583DC1C2245EB38E00496C11 /* AppState.swift */,
				583DC1C4245EB44400496C11 /* Store.swift */,
				58C2C7E1245EE21600E87DE0 /* AppAction.swift */,
				58C2C7E6245F09D100E87DE0 /* AppCommand.swift */,
			);
			path = Redux;
			sourceTree = "<group>";
		};
		58AA92C0244B3A8500D33F7E /* View */ = {
			isa = PBXGroup;
			children = (
				58AA92BE244B334600D33F7E /* PokemonInfoRow.swift */,
				58AA92C1244B3A9D00D33F7E /* PokemonInfoPanel.swift */,
				58F7AC6F244BF35F00E79F17 /* SettingView.swift */,
				583DC1BF245EACD500496C11 /* PokemonListView.swift */,
			);
			path = View;
			sourceTree = "<group>";
		};
		58C2C7E3245F05B300E87DE0 /* Request */ = {
			isa = PBXGroup;
			children = (
				58C2C7E4245F05C500E87DE0 /* Request.swift */,
			);
			path = Request;
			sourceTree = "<group>";
		};
/* End PBXGroup section */

/* Begin PBXNativeTarget section */
		58015A502448A62500710539 /* DZPokemon */ = {
			isa = PBXNativeTarget;
			buildConfigurationList = 58015A652448A62600710539 /* Build configuration list for PBXNativeTarget "DZPokemon" */;
			buildPhases = (
				58015A4D2448A62500710539 /* Sources */,
				58015A4E2448A62500710539 /* Frameworks */,
				58015A4F2448A62500710539 /* Resources */,
			);
			buildRules = (
			);
			dependencies = (
			);
			name = DZPokemon;
			productName = DZPokemon;
			productReference = 58015A512448A62500710539 /* DZPokemon.app */;
			productType = "com.apple.product-type.application";
		};
/* End PBXNativeTarget section */

/* Begin PBXProject section */
		58015A492448A62500710539 /* Project object */ = {
			isa = PBXProject;
			attributes = {
				LastSwiftUpdateCheck = 1140;
				LastUpgradeCheck = 1140;
				ORGANIZATIONNAME = dushandz;
				TargetAttributes = {
					58015A502448A62500710539 = {
						CreatedOnToolsVersion = 11.4;
					};
				};
			};
			buildConfigurationList = 58015A4C2448A62500710539 /* Build configuration list for PBXProject "DZPokemon" */;
			compatibilityVersion = "Xcode 9.3";
			developmentRegion = en;
			hasScannedForEncodings = 0;
			knownRegions = (
				en,
				Base,
			);
			mainGroup = 58015A482448A62500710539;
			productRefGroup = 58015A522448A62500710539 /* Products */;
			projectDirPath = "";
			projectRoot = "";
			targets = (
				58015A502448A62500710539 /* DZPokemon */,
			);
		};
/* End PBXProject section */

/* Begin PBXResourcesBuildPhase section */
		58015A4F2448A62500710539 /* Resources */ = {
			isa = PBXResourcesBuildPhase;
			buildActionMask = 2147483647;
			files = (
				58015AC82448A67900710539 /* pokemon-21.json in Resources */,
				58015ABB2448A67900710539 /* pokemon-29.json in Resources */,
				58015AC22448A67900710539 /* pokemon-11.json in Resources */,
				58015AD82448A67900710539 /* pokemon-species-23.json in Resources */,
				58015AC32448A67900710539 /* pokemon-27.json in Resources */,
				58015ADE2448A67900710539 /* pokemon-species-18.json in Resources */,
				58015ACA2448A67900710539 /* pokemon-4.json in Resources */,
				58015AAF2448A67900710539 /* pokemon-14.json in Resources */,
				58015AE52448A67900710539 /* pokemon-species-24.json in Resources */,
				58015AC12448A67900710539 /* pokemon-2.json in Resources */,
				58015AB02448A67900710539 /* pokemon-22.json in Resources */,
				58015AB72448A67900710539 /* pokemon-28.json in Resources */,
				58015AB12448A67900710539 /* pokemon-18.json in Resources */,
				58015ABF2448A67900710539 /* pokemon-10.json in Resources */,
				58015ACD2448A67900710539 /* pokemon-species-7.json in Resources */,
				58015A612448A62600710539 /* LaunchScreen.storyboard in Resources */,
				58015ACC2448A67900710539 /* pokemon-species-11.json in Resources */,
				58015AD72448A67900710539 /* pokemon-species-20.json in Resources */,
				58015AAE2448A67900710539 /* pokemon-7.json in Resources */,
				58015AE02448A67900710539 /* pokemon-species-5.json in Resources */,
				58015AB92448A67900710539 /* pokemon-12.json in Resources */,
				58015AE62448A67900710539 /* pokemon-species-8.json in Resources */,
				58015AC42448A67900710539 /* pokemon-16.json in Resources */,
				58015ABC2448A67900710539 /* pokemon-25.json in Resources */,
				58015AAC2448A67900710539 /* ability-34.json in Resources */,
				58015AB32448A67900710539 /* pokemon-23.json in Resources */,
				58015ACB2448A67900710539 /* pokemon-17.json in Resources */,
				58015AD62448A67900710539 /* pokemon-species-16.json in Resources */,
				58015A5E2448A62600710539 /* Preview Assets.xcassets in Resources */,
				58015AD02448A67900710539 /* pokemon-species-26.json in Resources */,
				58015ABE2448A67900710539 /* pokemon-30.json in Resources */,
				58015A5B2448A62600710539 /* Assets.xcassets in Resources */,
				58015AC02448A67900710539 /* pokemon-3.json in Resources */,
				58015ACE2448A67900710539 /* pokemon-species-27.json in Resources */,
				58015ADA2448A67900710539 /* pokemon-species-3.json in Resources */,
				58015ABA2448A67900710539 /* pokemon-13.json in Resources */,
				58015AD92448A67900710539 /* pokemon-species-19.json in Resources */,
				58015AE12448A67900710539 /* pokemon-species-29.json in Resources */,
				58015ABD2448A67900710539 /* pokemon-26.json in Resources */,
				58015AB62448A67900710539 /* pokemon-24.json in Resources */,
				58015AE82448A67900710539 /* pokemon-species-28.json in Resources */,
				58015AAD2448A67900710539 /* ability-65.json in Resources */,
				58015AD52448A67900710539 /* pokemon-species-1.json in Resources */,
				58015AD32448A67900710539 /* pokemon-species-21.json in Resources */,
				58015AB52448A67900710539 /* pokemon-6.json in Resources */,
				58015AC92448A67900710539 /* pokemon-8.json in Resources */,
				58015AB82448A67900710539 /* pokemon-1.json in Resources */,
				58015ADF2448A67900710539 /* pokemon-species-22.json in Resources */,
				58015AD12448A67900710539 /* pokemon-species-6.json in Resources */,
				58015AB22448A67900710539 /* pokemon-19.json in Resources */,
				58015ADC2448A67900710539 /* pokemon-species-14.json in Resources */,
				58015AC72448A67900710539 /* pokemon-20.json in Resources */,
				58015AE42448A67900710539 /* pokemon-species-25.json in Resources */,
				58015ACF2448A67900710539 /* pokemon-species-30.json in Resources */,
				58015AE72448A67900710539 /* pokemon-species-12.json in Resources */,
				58015AE22448A67900710539 /* pokemon-species-13.json in Resources */,
				58015AE32448A67900710539 /* pokemon-species-9.json in Resources */,
				58015AC62448A67900710539 /* pokemon-9.json in Resources */,
				58015AD22448A67900710539 /* pokemon-species-10.json in Resources */,
				58015AC52448A67900710539 /* pokemon-5.json in Resources */,
				58015AE92448A67900710539 /* pokemon-species-4.json in Resources */,
				58015AD42448A67900710539 /* pokemon-species-17.json in Resources */,
				58015ADD2448A67900710539 /* pokemon-species-2.json in Resources */,
				58015ADB2448A67900710539 /* pokemon-species-15.json in Resources */,
				58015AB42448A67900710539 /* pokemon-15.json in Resources */,
			);
			runOnlyForDeploymentPostprocessing = 0;
		};
/* End PBXResourcesBuildPhase section */

/* Begin PBXSourcesBuildPhase section */
		58015A4D2448A62500710539 /* Sources */ = {
			isa = PBXSourcesBuildPhase;
			buildActionMask = 2147483647;
			files = (
				58F7AC72244BF37700E79F17 /* SettingModel.swift in Sources */,
				583DC1C3245EB38E00496C11 /* AppState.swift in Sources */,
				58AA92B9244B197200D33F7E /* DataModel.swift in Sources */,
				58F7AC70244BF35F00E79F17 /* SettingView.swift in Sources */,
				58AA92BD244B276800D33F7E /* Helper.swift in Sources */,
				583DC1C0245EACD500496C11 /* PokemonListView.swift in Sources */,
				58C2C7E7245F09D100E87DE0 /* AppCommand.swift in Sources */,
				58015A552448A62500710539 /* AppDelegate.swift in Sources */,
				58C2C7E2245EE21600E87DE0 /* AppAction.swift in Sources */,
				583DC1C5245EB44400496C11 /* Store.swift in Sources */,
				58015A572448A62500710539 /* SceneDelegate.swift in Sources */,
				58C2C7E9245F20C600E87DE0 /* FileStorage.swift in Sources */,
				58AA92BF244B334600D33F7E /* PokemonInfoRow.swift in Sources */,
				58015A592448A62500710539 /* ContentView.swift in Sources */,
				58AA92BB244B272700D33F7E /* ViewModel.swift in Sources */,
				58AA92C2244B3A9D00D33F7E /* PokemonInfoPanel.swift in Sources */,
				58015AEB2448A6EE00710539 /* FileHelper.swift in Sources */,
				58C2C7E5245F05C500E87DE0 /* Request.swift in Sources */,
			);
			runOnlyForDeploymentPostprocessing = 0;
		};
/* End PBXSourcesBuildPhase section */

/* Begin PBXVariantGroup section */
		58015A5F2448A62600710539 /* LaunchScreen.storyboard */ = {
			isa = PBXVariantGroup;
			children = (
				58015A602448A62600710539 /* Base */,
			);
			name = LaunchScreen.storyboard;
			sourceTree = "<group>";
		};
/* End PBXVariantGroup section */

/* Begin XCBuildConfiguration section */
		58015A632448A62600710539 /* Debug */ = {
			isa = XCBuildConfiguration;
			buildSettings = {
				ALWAYS_SEARCH_USER_PATHS = NO;
				CLANG_ANALYZER_NONNULL = YES;
				CLANG_ANALYZER_NUMBER_OBJECT_CONVERSION = YES_AGGRESSIVE;
				CLANG_CXX_LANGUAGE_STANDARD = "gnu++14";
				CLANG_CXX_LIBRARY = "libc++";
				CLANG_ENABLE_MODULES = YES;
				CLANG_ENABLE_OBJC_ARC = YES;
				CLANG_ENABLE_OBJC_WEAK = YES;
				CLANG_WARN_BLOCK_CAPTURE_AUTORELEASING = YES;
				CLANG_WARN_BOOL_CONVERSION = YES;
				CLANG_WARN_COMMA = YES;
				CLANG_WARN_CONSTANT_CONVERSION = YES;
				CLANG_WARN_DEPRECATED_OBJC_IMPLEMENTATIONS = YES;
				CLANG_WARN_DIRECT_OBJC_ISA_USAGE = YES_ERROR;
				CLANG_WARN_DOCUMENTATION_COMMENTS = YES;
				CLANG_WARN_EMPTY_BODY = YES;
				CLANG_WARN_ENUM_CONVERSION = YES;
				CLANG_WARN_INFINITE_RECURSION = YES;
				CLANG_WARN_INT_CONVERSION = YES;
				CLANG_WARN_NON_LITERAL_NULL_CONVERSION = YES;
				CLANG_WARN_OBJC_IMPLICIT_RETAIN_SELF = YES;
				CLANG_WARN_OBJC_LITERAL_CONVERSION = YES;
				CLANG_WARN_OBJC_ROOT_CLASS = YES_ERROR;
				CLANG_WARN_RANGE_LOOP_ANALYSIS = YES;
				CLANG_WARN_STRICT_PROTOTYPES = YES;
				CLANG_WARN_SUSPICIOUS_MOVE = YES;
				CLANG_WARN_UNGUARDED_AVAILABILITY = YES_AGGRESSIVE;
				CLANG_WARN_UNREACHABLE_CODE = YES;
				CLANG_WARN__DUPLICATE_METHOD_MATCH = YES;
				COPY_PHASE_STRIP = NO;
				DEBUG_INFORMATION_FORMAT = dwarf;
				ENABLE_STRICT_OBJC_MSGSEND = YES;
				ENABLE_TESTABILITY = YES;
				GCC_C_LANGUAGE_STANDARD = gnu11;
				GCC_DYNAMIC_NO_PIC = NO;
				GCC_NO_COMMON_BLOCKS = YES;
				GCC_OPTIMIZATION_LEVEL = 0;
				GCC_PREPROCESSOR_DEFINITIONS = (
					"DEBUG=1",
					"$(inherited)",
				);
				GCC_WARN_64_TO_32_BIT_CONVERSION = YES;
				GCC_WARN_ABOUT_RETURN_TYPE = YES_ERROR;
				GCC_WARN_UNDECLARED_SELECTOR = YES;
				GCC_WARN_UNINITIALIZED_AUTOS = YES_AGGRESSIVE;
				GCC_WARN_UNUSED_FUNCTION = YES;
				GCC_WARN_UNUSED_VARIABLE = YES;
				IPHONEOS_DEPLOYMENT_TARGET = 13.4;
				MTL_ENABLE_DEBUG_INFO = INCLUDE_SOURCE;
				MTL_FAST_MATH = YES;
				ONLY_ACTIVE_ARCH = YES;
				SDKROOT = iphoneos;
				SWIFT_ACTIVE_COMPILATION_CONDITIONS = DEBUG;
				SWIFT_OPTIMIZATION_LEVEL = "-Onone";
			};
			name = Debug;
		};
		58015A642448A62600710539 /* Release */ = {
			isa = XCBuildConfiguration;
			buildSettings = {
				ALWAYS_SEARCH_USER_PATHS = NO;
				CLANG_ANALYZER_NONNULL = YES;
				CLANG_ANALYZER_NUMBER_OBJECT_CONVERSION = YES_AGGRESSIVE;
				CLANG_CXX_LANGUAGE_STANDARD = "gnu++14";
				CLANG_CXX_LIBRARY = "libc++";
				CLANG_ENABLE_MODULES = YES;
				CLANG_ENABLE_OBJC_ARC = YES;
				CLANG_ENABLE_OBJC_WEAK = YES;
				CLANG_WARN_BLOCK_CAPTURE_AUTORELEASING = YES;
				CLANG_WARN_BOOL_CONVERSION = YES;
				CLANG_WARN_COMMA = YES;
				CLANG_WARN_CONSTANT_CONVERSION = YES;
				CLANG_WARN_DEPRECATED_OBJC_IMPLEMENTATIONS = YES;
				CLANG_WARN_DIRECT_OBJC_ISA_USAGE = YES_ERROR;
				CLANG_WARN_DOCUMENTATION_COMMENTS = YES;
				CLANG_WARN_EMPTY_BODY = YES;
				CLANG_WARN_ENUM_CONVERSION = YES;
				CLANG_WARN_INFINITE_RECURSION = YES;
				CLANG_WARN_INT_CONVERSION = YES;
				CLANG_WARN_NON_LITERAL_NULL_CONVERSION = YES;
				CLANG_WARN_OBJC_IMPLICIT_RETAIN_SELF = YES;
				CLANG_WARN_OBJC_LITERAL_CONVERSION = YES;
				CLANG_WARN_OBJC_ROOT_CLASS = YES_ERROR;
				CLANG_WARN_RANGE_LOOP_ANALYSIS = YES;
				CLANG_WARN_STRICT_PROTOTYPES = YES;
				CLANG_WARN_SUSPICIOUS_MOVE = YES;
				CLANG_WARN_UNGUARDED_AVAILABILITY = YES_AGGRESSIVE;
				CLANG_WARN_UNREACHABLE_CODE = YES;
				CLANG_WARN__DUPLICATE_METHOD_MATCH = YES;
				COPY_PHASE_STRIP = NO;
				DEBUG_INFORMATION_FORMAT = "dwarf-with-dsym";
				ENABLE_NS_ASSERTIONS = NO;
				ENABLE_STRICT_OBJC_MSGSEND = YES;
				GCC_C_LANGUAGE_STANDARD = gnu11;
				GCC_NO_COMMON_BLOCKS = YES;
				GCC_WARN_64_TO_32_BIT_CONVERSION = YES;
				GCC_WARN_ABOUT_RETURN_TYPE = YES_ERROR;
				GCC_WARN_UNDECLARED_SELECTOR = YES;
				GCC_WARN_UNINITIALIZED_AUTOS = YES_AGGRESSIVE;
				GCC_WARN_UNUSED_FUNCTION = YES;
				GCC_WARN_UNUSED_VARIABLE = YES;
				IPHONEOS_DEPLOYMENT_TARGET = 13.4;
				MTL_ENABLE_DEBUG_INFO = NO;
				MTL_FAST_MATH = YES;
				SDKROOT = iphoneos;
				SWIFT_COMPILATION_MODE = wholemodule;
				SWIFT_OPTIMIZATION_LEVEL = "-O";
				VALIDATE_PRODUCT = YES;
			};
			name = Release;
		};
		58015A662448A62600710539 /* Debug */ = {
			isa = XCBuildConfiguration;
			buildSettings = {
				ASSETCATALOG_COMPILER_APPICON_NAME = AppIcon;
				CODE_SIGN_STYLE = Automatic;
				DEVELOPMENT_ASSET_PATHS = "\"DZPokemon/Preview Content\"";
				DEVELOPMENT_TEAM = QGD639G33X;
				ENABLE_PREVIEWS = YES;
				INFOPLIST_FILE = DZPokemon/Info.plist;
				LD_RUNPATH_SEARCH_PATHS = (
					"$(inherited)",
					"@executable_path/Frameworks",
				);
				PRODUCT_BUNDLE_IDENTIFIER = dushandz.DZPokemon;
				PRODUCT_NAME = "$(TARGET_NAME)";
				SWIFT_VERSION = 5.0;
				TARGETED_DEVICE_FAMILY = "1,2";
			};
			name = Debug;
		};
		58015A672448A62600710539 /* Release */ = {
			isa = XCBuildConfiguration;
			buildSettings = {
				ASSETCATALOG_COMPILER_APPICON_NAME = AppIcon;
				CODE_SIGN_STYLE = Automatic;
				DEVELOPMENT_ASSET_PATHS = "\"DZPokemon/Preview Content\"";
				DEVELOPMENT_TEAM = QGD639G33X;
				ENABLE_PREVIEWS = YES;
				INFOPLIST_FILE = DZPokemon/Info.plist;
				LD_RUNPATH_SEARCH_PATHS = (
					"$(inherited)",
					"@executable_path/Frameworks",
				);
				PRODUCT_BUNDLE_IDENTIFIER = dushandz.DZPokemon;
				PRODUCT_NAME = "$(TARGET_NAME)";
				SWIFT_VERSION = 5.0;
				TARGETED_DEVICE_FAMILY = "1,2";
			};
			name = Release;
		};
/* End XCBuildConfiguration section */

/* Begin XCConfigurationList section */
		58015A4C2448A62500710539 /* Build configuration list for PBXProject "DZPokemon" */ = {
			isa = XCConfigurationList;
			buildConfigurations = (
				58015A632448A62600710539 /* Debug */,
				58015A642448A62600710539 /* Release */,
			);
			defaultConfigurationIsVisible = 0;
			defaultConfigurationName = Release;
		};
		58015A652448A62600710539 /* Build configuration list for PBXNativeTarget "DZPokemon" */ = {
			isa = XCConfigurationList;
			buildConfigurations = (
				58015A662448A62600710539 /* Debug */,
				58015A672448A62600710539 /* Release */,
			);
			defaultConfigurationIsVisible = 0;
			defaultConfigurationName = Release;
		};
/* End XCConfigurationList section */
	};
	rootObject = 58015A492448A62500710539 /* Project object */;
}
